{
  "version": 4,
  "terraform_version": "1.16.3",
  "serial": 9,
  "lineage": "83d67a0c-95a5-4c6a-f903-6fc43a0b274b",
  "outputs": {
    "bucket_name": {
      "value": "brisa-hoteles-793629871707-us-east-1",
      "type": "string"
    }
  },
  "resources": [
    {
      "mode": "data",
      "type": "aws_s3_bucket",
      "name": "web",
      "provider": "provider[\"registry.terraform.io/hashicorp/aws\"]",
      "instances": [
        {
          "schema_version": 0,
          "attributes": {
            "arn": "arn:aws:s3:::brisa-hoteles-793629871707-us-east-1",
            "bucket": "brisa-hoteles-793629871707-us-east-1",
            "bucket_domain_name": "brisa-hoteles-793629871707-us-east-1.s3.amazonaws.com",
            "bucket_region": "us-east-1",
            "bucket_regional_domain_name": "brisa-hoteles-793629871707-us-east-1.s3.us-east-1.amazonaws.com",
            "hosted_zone_id": "Z3AQBSTGFYJSTF",
            "id": "brisa-hoteles-793629871707-us-east-1",
            "region": "us-east-1",
            "website_domain": null,
            "website_endpoint": null
          },
          "sensitive_attributes": [],
          "identity_schema_version": 0
        }
      ]
    },
    {
      "mode": "managed",
      "type": "aws_s3_bucket_public_access_block",
      "name": "web",
      "provider": "provider[\"registry.terraform.io/hashicorp/aws\"]",
      "instances": [
        {
          "schema_version": 0,
          "attributes": {
            "block_public_acls": true,
            "block_public_policy": true,
            "bucket": "brisa-hoteles-793629871707-us-east-1",
            "id": "brisa-hoteles-793629871707-us-east-1",
            "ignore_public_acls": true,
            "region": "us-east-1",
            "restrict_public_buckets": true,
            "skip_destroy": null
          },
          "sensitive_attributes": [],
          "identity_schema_version": 0,
          "identity": {
            "account_id": "793629871707",
            "bucket": "brisa-hoteles-793629871707-us-east-1",
            "region": "us-east-1"
          },
          "private": "bnVsbA==",
          "dependencies": [
            "data.aws_s3_bucket.web"
          ]
        }
      ]
    },
    {
      "mode": "managed",
      "type": "aws_s3_bucket_server_side_encryption_configuration",
      "name": "web",
      "provider": "provider[\"registry.terraform.io/hashicorp/aws\"]",
      "instances": [
        {
          "schema_version": 0,
          "attributes": {
            "bucket": "brisa-hoteles-793629871707-us-east-1",
            "expected_bucket_owner": "",
            "id": "brisa-hoteles-793629871707-us-east-1",
            "region": "us-east-1",
            "rule": [
              {
                "apply_server_side_encryption_by_default": [
                  {
                    "kms_master_key_id": "",
                    "sse_algorithm": "AES256"
                  }
                ],
                "blocked_encryption_types": [
                  "SSE-C"
                ],
                "bucket_key_enabled": false
              }
            ]
          },
          "sensitive_attributes": [],
          "identity_schema_version": 1,
          "identity": {
            "account_id": "793629871707",
            "bucket": "brisa-hoteles-793629871707-us-east-1",
            "region": "us-east-1"
          },
          "private": "bnVsbA==",
          "dependencies": [
            "data.aws_s3_bucket.web"
          ]
        }
      ]
    },
    {
      "mode": "managed",
      "type": "aws_s3_object",
      "name": "web",
      "provider": "provider[\"registry.terraform.io/hashicorp/aws\"]",
      "instances": [
        {
          "index_key": "app.js",
          "schema_version": 0,
          "attributes": {
            "acl": null,
            "arn": "arn:aws:s3:::brisa-hoteles-793629871707-us-east-1/app.js",
            "bucket": "brisa-hoteles-793629871707-us-east-1",
            "bucket_key_enabled": false,
            "cache_control": "public, max-age=300",
            "checksum_algorithm": null,
            "checksum_crc32": "",
            "checksum_crc32c": "",
            "checksum_crc64nvme": "",
            "checksum_sha1": "",
            "checksum_sha256": "",
            "content": null,
            "content_base64": null,
            "content_disposition": "",
            "content_encoding": "",
            "content_language": "",
            "content_type": "application/javascript; charset=utf-8",
            "etag": "8c14d8c510941387dc746ff4a5e27e93",
            "force_destroy": false,
            "id": "brisa-hoteles-793629871707-us-east-1/app.js",
            "key": "app.js",
            "kms_key_id": null,
            "metadata": null,
            "object_lock_legal_hold_status": "",
            "object_lock_mode": "",
            "object_lock_retain_until_date": "",
            "override_provider": [],
            "region": "us-east-1",
            "server_side_encryption": "AES256",
            "source": "./../web/app.js",
            "source_hash": "8c14d8c510941387dc746ff4a5e27e93",
            "storage_class": "STANDARD",
            "tags": null,
            "tags_all": {
              "ManagedBy": "Terraform",
              "Project": "challenge-01-hoteles"
            },
            "version_id": "",
            "website_redirect": ""
          },
          "sensitive_attributes": [],
          "identity_schema_version": 0,
          "identity": {
            "account_id": "793629871707",
            "bucket": "brisa-hoteles-793629871707-us-east-1",
            "key": "app.js",
            "region": "us-east-1"
          },
          "private": "bnVsbA==",
          "dependencies": [
            "aws_s3_bucket_server_side_encryption_configuration.web",
            "data.aws_s3_bucket.web"
          ]
        },
        {
          "index_key": "index.html",
          "schema_version": 0,
          "attributes": {
            "acl": null,
            "arn": "arn:aws:s3:::brisa-hoteles-793629871707-us-east-1/index.html",
            "bucket": "brisa-hoteles-793629871707-us-east-1",
            "bucket_key_enabled": false,
            "cache_control": "public, max-age=300",
            "checksum_algorithm": null,
            "checksum_crc32": "",
            "checksum_crc32c": "",
            "checksum_crc64nvme": "",
            "checksum_sha1": "",
            "checksum_sha256": "",
            "content": null,
            "content_base64": null,
            "content_disposition": "",
            "content_encoding": "",
            "content_language": "",
            "content_type": "text/html; charset=utf-8",
            "etag": "2cc02d926181c74c876793ee3e8e53c4",
            "force_destroy": false,
            "id": "brisa-hoteles-793629871707-us-east-1/index.html",
            "key": "index.html",
            "kms_key_id": null,
            "metadata": null,
            "object_lock_legal_hold_status": "",
            "object_lock_mode": "",
            "object_lock_retain_until_date": "",
            "override_provider": [],
            "region": "us-east-1",
            "server_side_encryption": "AES256",
            "source": "./../web/index.html",
            "source_hash": "2cc02d926181c74c876793ee3e8e53c4",
            "storage_class": "STANDARD",
            "tags": null,
            "tags_all": {
              "ManagedBy": "Terraform",
              "Project": "challenge-01-hoteles"
            },
            "version_id": "",
            "website_redirect": ""
          },
          "sensitive_attributes": [],
          "identity_schema_version": 0,
          "identity": {
            "account_id": "793629871707",
            "bucket": "brisa-hoteles-793629871707-us-east-1",
            "key": "index.html",
            "region": "us-east-1"
          },
          "private": "bnVsbA==",
          "dependencies": [
            "aws_s3_bucket_server_side_encryption_configuration.web",
            "data.aws_s3_bucket.web"
          ]
        },
        {
          "index_key": "style.css",
          "schema_version": 0,
          "attributes": {
            "acl": null,
            "arn": "arn:aws:s3:::brisa-hoteles-793629871707-us-east-1/style.css",
            "bucket": "brisa-hoteles-793629871707-us-east-1",
            "bucket_key_enabled": false,
            "cache_control": "public, max-age=300",
            "checksum_algorithm": null,
            "checksum_crc32": "",
            "checksum_crc32c": "",
            "checksum_crc64nvme": "",
            "checksum_sha1": "",
            "checksum_sha256": "",
            "content": null,
            "content_base64": null,
            "content_disposition": "",
            "content_encoding": "",
            "content_language": "",
            "content_type": "text/css; charset=utf-8",
            "etag": "788c78bb6aab5bc3dcd361d555d7c5b7",
            "force_destroy": false,
            "id": "brisa-hoteles-793629871707-us-east-1/style.css",
            "key": "style.css",
            "kms_key_id": null,
            "metadata": null,
            "object_lock_legal_hold_status": "",
            "object_lock_mode": "",
            "object_lock_retain_until_date": "",
            "override_provider": [],
            "region": "us-east-1",
            "server_side_encryption": "AES256",
            "source": "./../web/style.css",
            "source_hash": "788c78bb6aab5bc3dcd361d555d7c5b7",
            "storage_class": "STANDARD",
            "tags": null,
            "tags_all": {
              "ManagedBy": "Terraform",
              "Project": "challenge-01-hoteles"
            },
            "version_id": "",
            "website_redirect": ""
          },
          "sensitive_attributes": [],
          "identity_schema_version": 0,
          "identity": {
            "account_id": "793629871707",
            "bucket": "brisa-hoteles-793629871707-us-east-1",
            "key": "style.css",
            "region": "us-east-1"
          },
          "private": "bnVsbA==",
          "dependencies": [
            "aws_s3_bucket_server_side_encryption_configuration.web",
            "data.aws_s3_bucket.web"
          ]
        }
      ]
    }
  ],
  "check_results": null
}
